
Microsoft Visual Studio Solution File, Format Version 12.00
# Visual Studio Version 17
VisualStudioVersion = 17.3.32819.101
MinimumVisualStudioVersion = 10.0.40219.1
Project("{FAE04EC0-301F-11D3-BF4B-00C04F79EFBC}") = "EvidencePojistenych", "EvidencePojistenych\EvidencePojistenych.csproj", "{17800AC6-4230-4B74-9674-83DEA14729B5}"
EndProject
Global
	GlobalSection(SolutionConfigurationPlatforms) = preSolution
		Debug|Any CPU = Debug|Any CPU
		Release|Any CPU = Release|Any CPU
	EndGlobalSection
	GlobalSection(ProjectConfigurationPlatforms) = postSolution
		{17800AC6-4230-4B74-9674-83DEA14729B5}.Debug|Any CPU.ActiveCfg = Debug|Any CPU
		{17800AC6-4230-4B74-9674-83DEA14729B5}.Debug|Any CPU.Build.0 = Debug|Any CPU
		{17800AC6-4230-4B74-9674-83DEA14729B5}.Release|Any CPU.ActiveCfg = Release|Any CPU
		{17800AC6-4230-4B74-9674-83DEA14729B5}.Release|Any CPU.Build.0 = Release|Any CPU
	EndGlobalSection
	GlobalSection(SolutionProperties) = preSolution
		HideSolutionNode = FALSE
	EndGlobalSection
	GlobalSection(ExtensibilityGlobals) = postSolution
		SolutionGuid = {B4EF6614-E2BD-40C1-B244-AB390BCE0817}
	EndGlobalSection
EndGlobal
